
Microsoft Visual Studio Solution File, Format Version 12.00
Project("{FAE04EC0-301F-11D3-BF4B-00C04F79EFBC}") = "Domain", "Domain\Domain.csproj", "{0566576F-A76E-4C8F-BD2B-B0777A848D30}"
EndProject
Project("{2150E333-8FDC-42A3-9474-1A3956D46DE8}") = "Solution Items", "Solution Items", "{B67D0702-4F64-40FD-8724-80DBE15B21DD}"
				ProjectSection(SolutionItems) = preProject
		.editorconfig = .editorconfig
		Directory.Build.props = Directory.Build.props
				EndProjectSection
EndProject
Project("{FAE04EC0-301F-11D3-BF4B-00C04F79EFBC}") = "Application", "Application\Application.csproj", "{3B6AE388-60C1-40FF-94F8-085E023EF42C}"
EndProject
Project("{FAE04EC0-301F-11D3-BF4B-00C04F79EFBC}") = "Infrastructure", "Infrastructure\Infrastructure.csproj", "{C3B7406F-57F5-4595-9928-B46274F4655B}"
EndProject
Global
	GlobalSection(SolutionConfigurationPlatforms) = preSolution
		Debug|Any CPU = Debug|Any CPU
		Release|Any CPU = Release|Any CPU
	EndGlobalSection
	GlobalSection(ProjectConfigurationPlatforms) = postSolution
		{0566576F-A76E-4C8F-BD2B-B0777A848D30}.Debug|Any CPU.ActiveCfg = Debug|Any CPU
		{0566576F-A76E-4C8F-BD2B-B0777A848D30}.Debug|Any CPU.Build.0 = Debug|Any CPU
		{0566576F-A76E-4C8F-BD2B-B0777A848D30}.Release|Any CPU.ActiveCfg = Release|Any CPU
		{0566576F-A76E-4C8F-BD2B-B0777A848D30}.Release|Any CPU.Build.0 = Release|Any CPU
		{3B6AE388-60C1-40FF-94F8-085E023EF42C}.Debug|Any CPU.ActiveCfg = Debug|Any CPU
		{3B6AE388-60C1-40FF-94F8-085E023EF42C}.Debug|Any CPU.Build.0 = Debug|Any CPU
		{3B6AE388-60C1-40FF-94F8-085E023EF42C}.Release|Any CPU.ActiveCfg = Release|Any CPU
		{3B6AE388-60C1-40FF-94F8-085E023EF42C}.Release|Any CPU.Build.0 = Release|Any CPU
		{C3B7406F-57F5-4595-9928-B46274F4655B}.Debug|Any CPU.ActiveCfg = Debug|Any CPU
		{C3B7406F-57F5-4595-9928-B46274F4655B}.Debug|Any CPU.Build.0 = Debug|Any CPU
		{C3B7406F-57F5-4595-9928-B46274F4655B}.Release|Any CPU.ActiveCfg = Release|Any CPU
		{C3B7406F-57F5-4595-9928-B46274F4655B}.Release|Any CPU.Build.0 = Release|Any CPU
	EndGlobalSection
EndGlobal
